
Microsoft Visual Studio Solution File, Format Version 12.00
# Visual Studio Version 17
VisualStudioVersion = 17.11.35208.52
MinimumVisualStudioVersion = 10.0.40219.1
Project("{FAE04EC0-301F-11D3-BF4B-00C04F79EFBC}") = "TAZZKARTY", "TAZZKARTY\TAZZKARTY.csproj", "{53C70EF4-C6E6-479A-B504-FFE2927A7BB5}"
EndProject
Global
	GlobalSection(SolutionConfigurationPlatforms) = preSolution
		Debug|Any CPU = Debug|Any CPU
		Release|Any CPU = Release|Any CPU
	EndGlobalSection
	GlobalSection(ProjectConfigurationPlatforms) = postSolution
		{53C70EF4-C6E6-479A-B504-FFE2927A7BB5}.Debug|Any CPU.ActiveCfg = Debug|Any CPU
		{53C70EF4-C6E6-479A-B504-FFE2927A7BB5}.Debug|Any CPU.Build.0 = Debug|Any CPU
		{53C70EF4-C6E6-479A-B504-FFE2927A7BB5}.Release|Any CPU.ActiveCfg = Release|Any CPU
		{53C70EF4-C6E6-479A-B504-FFE2927A7BB5}.Release|Any CPU.Build.0 = Release|Any CPU
	EndGlobalSection
	GlobalSection(SolutionProperties) = preSolution
		HideSolutionNode = FALSE
	EndGlobalSection
	GlobalSection(ExtensibilityGlobals) = postSolution
		SolutionGuid = {9CF66EA2-F969-43CC-813D-AC943B7F372E}
	EndGlobalSection
EndGlobal
